
Microsoft Visual Studio Solution File, Format Version 12.00
# Visual Studio Version 17
VisualStudioVersion = 17.11.35111.106
MinimumVisualStudioVersion = 10.0.40219.1
Project("{FAE04EC0-301F-11D3-BF4B-00C04F79EFBC}") = "PDCSolver", "PDCSolver\PDCSolver.csproj", "{21CA86C0-0BCD-4CF0-B3FA-365F5A5AF43C}"
EndProject
Global
	GlobalSection(SolutionConfigurationPlatforms) = preSolution
		Debug|Any CPU = Debug|Any CPU
		Release|Any CPU = Release|Any CPU
	EndGlobalSection
	GlobalSection(ProjectConfigurationPlatforms) = postSolution
		{21CA86C0-0BCD-4CF0-B3FA-365F5A5AF43C}.Debug|Any CPU.ActiveCfg = Debug|Any CPU
		{21CA86C0-0BCD-4CF0-B3FA-365F5A5AF43C}.Debug|Any CPU.Build.0 = Debug|Any CPU
		{21CA86C0-0BCD-4CF0-B3FA-365F5A5AF43C}.Release|Any CPU.ActiveCfg = Release|Any CPU
		{21CA86C0-0BCD-4CF0-B3FA-365F5A5AF43C}.Release|Any CPU.Build.0 = Release|Any CPU
	EndGlobalSection
	GlobalSection(SolutionProperties) = preSolution
		HideSolutionNode = FALSE
	EndGlobalSection
	GlobalSection(ExtensibilityGlobals) = postSolution
		SolutionGuid = {B6713FA6-8988-48EF-86FC-1CD7A340774E}
	EndGlobalSection
EndGlobal
